
Microsoft Visual Studio Solution File, Format Version 12.00
# Visual Studio Version 16
VisualStudioVersion = 16.0.30523.141
MinimumVisualStudioVersion = 10.0.40219.1
Project("{9A19103F-16F7-4668-BE54-9A1E7A4F7556}") = "ProjektZaliczeniowyAM", "ProjektZaliczeniowyAM\ProjektZaliczeniowyAM.csproj", "{45FBC0B4-DBB3-4125-9F6A-B28C39FF784F}"
EndProject
Global
	GlobalSection(SolutionConfigurationPlatforms) = preSolution
		Debug|Any CPU = Debug|Any CPU
		Release|Any CPU = Release|Any CPU
	EndGlobalSection
	GlobalSection(ProjectConfigurationPlatforms) = postSolution
		{45FBC0B4-DBB3-4125-9F6A-B28C39FF784F}.Debug|Any CPU.ActiveCfg = Debug|Any CPU
		{45FBC0B4-DBB3-4125-9F6A-B28C39FF784F}.Debug|Any CPU.Build.0 = Debug|Any CPU
		{45FBC0B4-DBB3-4125-9F6A-B28C39FF784F}.Release|Any CPU.ActiveCfg = Release|Any CPU
		{45FBC0B4-DBB3-4125-9F6A-B28C39FF784F}.Release|Any CPU.Build.0 = Release|Any CPU
	EndGlobalSection
	GlobalSection(SolutionProperties) = preSolution
		HideSolutionNode = FALSE
	EndGlobalSection
	GlobalSection(ExtensibilityGlobals) = postSolution
		SolutionGuid = {310EB764-5D1E-40F8-8A27-BFB80EB15CB5}
	EndGlobalSection
EndGlobal
